{
  "requires": true,
  "lockfileVersion": 1,
  "dependencies": {
    "jquery": {
      "version": "3.4.1",
      "resolved": "https://registry.npmjs.org/jquery/-/jquery-3.4.1.tgz",
      "integrity": "sha512-36+AdBzCL+y6qjw5Tx7HgzeGCzC81MDDgaUP8ld2zhx58HdqXGoBd+tHdrBMiyjGQs0Hxs/MLZTu/eHNJJuWPw=="
    },
    "jquery-form": {
      "version": "4.2.2",
      "resolved": "https://registry.npmjs.org/jquery-form/-/jquery-form-4.2.2.tgz",
      "integrity": "sha512-HJTef7DRBSg8ge/RNUw8rUTTtB3l8ozO0OhD16AzDl+eIXp4skgCqRTd9fYPsOzL+pN6+1B9wvbTLGjgikz8Tg==",
      "requires": {
        "jquery": ">=1.7.2"
      }
    }
  }
}
